
Microsoft Visual Studio Solution File, Format Version 12.00
Project("{FAE04EC0-301F-11D3-BF4B-00C04F79EFBC}") = "RecursiveSelfImprovement", "RecursiveSelfImprovement.csproj", "{78DE48F2-1123-4D98-8D4F-9762BB1E836B}"
EndProject
Global
	GlobalSection(SolutionConfigurationPlatforms) = preSolution
		Debug|Any CPU = Debug|Any CPU
		Release|Any CPU = Release|Any CPU
	EndGlobalSection
	GlobalSection(ProjectConfigurationPlatforms) = postSolution
		{78DE48F2-1123-4D98-8D4F-9762BB1E836B}.Debug|Any CPU.ActiveCfg = Debug|Any CPU
		{78DE48F2-1123-4D98-8D4F-9762BB1E836B}.Debug|Any CPU.Build.0 = Debug|Any CPU
		{78DE48F2-1123-4D98-8D4F-9762BB1E836B}.Release|Any CPU.ActiveCfg = Release|Any CPU
		{78DE48F2-1123-4D98-8D4F-9762BB1E836B}.Release|Any CPU.Build.0 = Release|Any CPU
	EndGlobalSection
EndGlobal
